Microsoft Visual Studio Solution File, Format Version 11.00
# Visual Studio 2010
Project("{8BC9CEB8-8B4A-11D0-8D11-00A0C91BC942}") = "ALL_BUILD", ".\ALL_BUILD.vcxproj", "{8ACA6701-5084-4494-8775-E6B0582ACC8C}"
	ProjectSection(ProjectDependencies) = postProject
		{C486993D-B86A-46EA-8662-64B9345C03CA} = {C486993D-B86A-46EA-8662-64B9345C03CA}
		{D036197D-922D-4C12-84D8-36C6D1C4189A} = {D036197D-922D-4C12-84D8-36C6D1C4189A}
	EndProjectSection
EndProject
Project("{8BC9CEB8-8B4A-11D0-8D11-00A0C91BC942}") = "INSTALL", ".\INSTALL.vcxproj", "{A046E0F7-AAE5-4D62-9E8C-6ACF19A8F07F}"
	ProjectSection(ProjectDependencies) = postProject
		{8ACA6701-5084-4494-8775-E6B0582ACC8C} = {8ACA6701-5084-4494-8775-E6B0582ACC8C}
	EndProjectSection
EndProject
Project("{8BC9CEB8-8B4A-11D0-8D11-00A0C91BC942}") = "NBuddy-Prman", "user-ops\NBuddy-Prman.vcxproj", "{C486993D-B86A-46EA-8662-64B9345C03CA}"
	ProjectSection(ProjectDependencies) = postProject
		{D036197D-922D-4C12-84D8-36C6D1C4189A} = {D036197D-922D-4C12-84D8-36C6D1C4189A}
	EndProjectSection
EndProject
Project("{8BC9CEB8-8B4A-11D0-8D11-00A0C91BC942}") = "ZERO_CHECK", ".\ZERO_CHECK.vcxproj", "{D036197D-922D-4C12-84D8-36C6D1C4189A}"
	ProjectSection(ProjectDependencies) = postProject
	EndProjectSection
EndProject
Global
	GlobalSection(SolutionConfigurationPlatforms) = preSolution
		Debug|x64 = Debug|x64
		Release|x64 = Release|x64
		MinSizeRel|x64 = MinSizeRel|x64
		RelWithDebInfo|x64 = RelWithDebInfo|x64
	EndGlobalSection
	GlobalSection(ProjectConfigurationPlatforms) = postSolution
		{8ACA6701-5084-4494-8775-E6B0582ACC8C}.Debug|x64.ActiveCfg = Debug|x64
		{8ACA6701-5084-4494-8775-E6B0582ACC8C}.Debug|x64.Build.0 = Debug|x64
		{8ACA6701-5084-4494-8775-E6B0582ACC8C}.Release|x64.ActiveCfg = Release|x64
		{8ACA6701-5084-4494-8775-E6B0582ACC8C}.Release|x64.Build.0 = Release|x64
		{8ACA6701-5084-4494-8775-E6B0582ACC8C}.MinSizeRel|x64.ActiveCfg = MinSizeRel|x64
		{8ACA6701-5084-4494-8775-E6B0582ACC8C}.MinSizeRel|x64.Build.0 = MinSizeRel|x64
		{8ACA6701-5084-4494-8775-E6B0582ACC8C}.RelWithDebInfo|x64.ActiveCfg = RelWithDebInfo|x64
		{8ACA6701-5084-4494-8775-E6B0582ACC8C}.RelWithDebInfo|x64.Build.0 = RelWithDebInfo|x64
		{A046E0F7-AAE5-4D62-9E8C-6ACF19A8F07F}.Debug|x64.ActiveCfg = Debug|x64
		{A046E0F7-AAE5-4D62-9E8C-6ACF19A8F07F}.Release|x64.ActiveCfg = Release|x64
		{A046E0F7-AAE5-4D62-9E8C-6ACF19A8F07F}.MinSizeRel|x64.ActiveCfg = MinSizeRel|x64
		{A046E0F7-AAE5-4D62-9E8C-6ACF19A8F07F}.RelWithDebInfo|x64.ActiveCfg = RelWithDebInfo|x64
		{C486993D-B86A-46EA-8662-64B9345C03CA}.Debug|x64.ActiveCfg = Debug|x64
		{C486993D-B86A-46EA-8662-64B9345C03CA}.Debug|x64.Build.0 = Debug|x64
		{C486993D-B86A-46EA-8662-64B9345C03CA}.Release|x64.ActiveCfg = Release|x64
		{C486993D-B86A-46EA-8662-64B9345C03CA}.Release|x64.Build.0 = Release|x64
		{C486993D-B86A-46EA-8662-64B9345C03CA}.MinSizeRel|x64.ActiveCfg = MinSizeRel|x64
		{C486993D-B86A-46EA-8662-64B9345C03CA}.MinSizeRel|x64.Build.0 = MinSizeRel|x64
		{C486993D-B86A-46EA-8662-64B9345C03CA}.RelWithDebInfo|x64.ActiveCfg = RelWithDebInfo|x64
		{C486993D-B86A-46EA-8662-64B9345C03CA}.RelWithDebInfo|x64.Build.0 = RelWithDebInfo|x64
		{D036197D-922D-4C12-84D8-36C6D1C4189A}.Debug|x64.ActiveCfg = Debug|x64
		{D036197D-922D-4C12-84D8-36C6D1C4189A}.Debug|x64.Build.0 = Debug|x64
		{D036197D-922D-4C12-84D8-36C6D1C4189A}.Release|x64.ActiveCfg = Release|x64
		{D036197D-922D-4C12-84D8-36C6D1C4189A}.Release|x64.Build.0 = Release|x64
		{D036197D-922D-4C12-84D8-36C6D1C4189A}.MinSizeRel|x64.ActiveCfg = MinSizeRel|x64
		{D036197D-922D-4C12-84D8-36C6D1C4189A}.MinSizeRel|x64.Build.0 = MinSizeRel|x64
		{D036197D-922D-4C12-84D8-36C6D1C4189A}.RelWithDebInfo|x64.ActiveCfg = RelWithDebInfo|x64
		{D036197D-922D-4C12-84D8-36C6D1C4189A}.RelWithDebInfo|x64.Build.0 = RelWithDebInfo|x64
	EndGlobalSection
	GlobalSection(ExtensibilityGlobals) = postSolution
	EndGlobalSection
	GlobalSection(ExtensibilityAddIns) = postSolution
	EndGlobalSection
EndGlobal
