Microsoft Visual Studio Solution File, Format Version 11.00
# Visual Studio 2010
Project("{8BC9CEB8-8B4A-11D0-8D11-00A0C91BC942}") = "ALL_BUILD", ".\ALL_BUILD.vcxproj", "{73743367-32DC-4123-AA65-FD8451CF64B3}"
	ProjectSection(ProjectDependencies) = postProject
		{B29C9B1E-5240-4727-BB2D-873814637DFA} = {B29C9B1E-5240-4727-BB2D-873814637DFA}
	EndProjectSection
EndProject
Project("{8BC9CEB8-8B4A-11D0-8D11-00A0C91BC942}") = "INSTALL", ".\INSTALL.vcxproj", "{3095886B-CE2D-4A90-BC56-6ECD0BCA81C3}"
	ProjectSection(ProjectDependencies) = postProject
		{73743367-32DC-4123-AA65-FD8451CF64B3} = {73743367-32DC-4123-AA65-FD8451CF64B3}
	EndProjectSection
EndProject
Project("{8BC9CEB8-8B4A-11D0-8D11-00A0C91BC942}") = "NBuddy-Prman", ".\NBuddy-Prman.vcxproj", "{B29C9B1E-5240-4727-BB2D-873814637DFA}"
	ProjectSection(ProjectDependencies) = postProject
		{D0D8E6C2-9147-488E-AD92-932BC912A46B} = {D0D8E6C2-9147-488E-AD92-932BC912A46B}
	EndProjectSection
EndProject
Project("{8BC9CEB8-8B4A-11D0-8D11-00A0C91BC942}") = "ZERO_CHECK", "..\ZERO_CHECK.vcxproj", "{D0D8E6C2-9147-488E-AD92-932BC912A46B}"
	ProjectSection(ProjectDependencies) = postProject
	EndProjectSection
EndProject
Global
	GlobalSection(SolutionConfigurationPlatforms) = preSolution
		Debug|x64 = Debug|x64
		Release|x64 = Release|x64
		MinSizeRel|x64 = MinSizeRel|x64
		RelWithDebInfo|x64 = RelWithDebInfo|x64
	EndGlobalSection
	GlobalSection(ProjectConfigurationPlatforms) = postSolution
		{73743367-32DC-4123-AA65-FD8451CF64B3}.Debug|x64.ActiveCfg = Debug|x64
		{73743367-32DC-4123-AA65-FD8451CF64B3}.Debug|x64.Build.0 = Debug|x64
		{73743367-32DC-4123-AA65-FD8451CF64B3}.Release|x64.ActiveCfg = Release|x64
		{73743367-32DC-4123-AA65-FD8451CF64B3}.Release|x64.Build.0 = Release|x64
		{73743367-32DC-4123-AA65-FD8451CF64B3}.MinSizeRel|x64.ActiveCfg = MinSizeRel|x64
		{73743367-32DC-4123-AA65-FD8451CF64B3}.MinSizeRel|x64.Build.0 = MinSizeRel|x64
		{73743367-32DC-4123-AA65-FD8451CF64B3}.RelWithDebInfo|x64.ActiveCfg = RelWithDebInfo|x64
		{73743367-32DC-4123-AA65-FD8451CF64B3}.RelWithDebInfo|x64.Build.0 = RelWithDebInfo|x64
		{3095886B-CE2D-4A90-BC56-6ECD0BCA81C3}.Debug|x64.ActiveCfg = Debug|x64
		{3095886B-CE2D-4A90-BC56-6ECD0BCA81C3}.Release|x64.ActiveCfg = Release|x64
		{3095886B-CE2D-4A90-BC56-6ECD0BCA81C3}.MinSizeRel|x64.ActiveCfg = MinSizeRel|x64
		{3095886B-CE2D-4A90-BC56-6ECD0BCA81C3}.RelWithDebInfo|x64.ActiveCfg = RelWithDebInfo|x64
		{B29C9B1E-5240-4727-BB2D-873814637DFA}.Debug|x64.ActiveCfg = Debug|x64
		{B29C9B1E-5240-4727-BB2D-873814637DFA}.Debug|x64.Build.0 = Debug|x64
		{B29C9B1E-5240-4727-BB2D-873814637DFA}.Release|x64.ActiveCfg = Release|x64
		{B29C9B1E-5240-4727-BB2D-873814637DFA}.Release|x64.Build.0 = Release|x64
		{B29C9B1E-5240-4727-BB2D-873814637DFA}.MinSizeRel|x64.ActiveCfg = MinSizeRel|x64
		{B29C9B1E-5240-4727-BB2D-873814637DFA}.MinSizeRel|x64.Build.0 = MinSizeRel|x64
		{B29C9B1E-5240-4727-BB2D-873814637DFA}.RelWithDebInfo|x64.ActiveCfg = RelWithDebInfo|x64
		{B29C9B1E-5240-4727-BB2D-873814637DFA}.RelWithDebInfo|x64.Build.0 = RelWithDebInfo|x64
		{D0D8E6C2-9147-488E-AD92-932BC912A46B}.Debug|x64.ActiveCfg = Debug|x64
		{D0D8E6C2-9147-488E-AD92-932BC912A46B}.Debug|x64.Build.0 = Debug|x64
		{D0D8E6C2-9147-488E-AD92-932BC912A46B}.Release|x64.ActiveCfg = Release|x64
		{D0D8E6C2-9147-488E-AD92-932BC912A46B}.Release|x64.Build.0 = Release|x64
		{D0D8E6C2-9147-488E-AD92-932BC912A46B}.MinSizeRel|x64.ActiveCfg = MinSizeRel|x64
		{D0D8E6C2-9147-488E-AD92-932BC912A46B}.MinSizeRel|x64.Build.0 = MinSizeRel|x64
		{D0D8E6C2-9147-488E-AD92-932BC912A46B}.RelWithDebInfo|x64.ActiveCfg = RelWithDebInfo|x64
		{D0D8E6C2-9147-488E-AD92-932BC912A46B}.RelWithDebInfo|x64.Build.0 = RelWithDebInfo|x64
	EndGlobalSection
	GlobalSection(ExtensibilityGlobals) = postSolution
	EndGlobalSection
	GlobalSection(ExtensibilityAddIns) = postSolution
	EndGlobalSection
EndGlobal
